
Microsoft Visual Studio Solution File, Format Version 12.00
# Visual Studio Version 17
VisualStudioVersion = 17.3.32929.385
MinimumVisualStudioVersion = 10.0.40219.1
Project("{FAE04EC0-301F-11D3-BF4B-00C04F79EFBC}") = "appointmentApiQL", "appointmentApiQL\appointmentApiQL.csproj", "{BDC40535-63DF-44A0-964F-AA309583D9A3}"
EndProject
Global
	GlobalSection(SolutionConfigurationPlatforms) = preSolution
		Debug|Any CPU = Debug|Any CPU
		Release|Any CPU = Release|Any CPU
	EndGlobalSection
	GlobalSection(ProjectConfigurationPlatforms) = postSolution
		{BDC40535-63DF-44A0-964F-AA309583D9A3}.Debug|Any CPU.ActiveCfg = Debug|Any CPU
		{BDC40535-63DF-44A0-964F-AA309583D9A3}.Debug|Any CPU.Build.0 = Debug|Any CPU
		{BDC40535-63DF-44A0-964F-AA309583D9A3}.Release|Any CPU.ActiveCfg = Release|Any CPU
		{BDC40535-63DF-44A0-964F-AA309583D9A3}.Release|Any CPU.Build.0 = Release|Any CPU
	EndGlobalSection
	GlobalSection(SolutionProperties) = preSolution
		HideSolutionNode = FALSE
	EndGlobalSection
	GlobalSection(ExtensibilityGlobals) = postSolution
		SolutionGuid = {F62AD454-FAEF-437F-B41D-CBA7D4492684}
	EndGlobalSection
EndGlobal
